{
  "originHash" : "a105e077f9b1099c9128e6e195bc82db3d14685e8c8c985af849558b5549e4a9",
  "pins" : [
    {
      "identity" : "jwtdecode.swift",
      "kind" : "remoteSourceControl",
      "location" : "https://github.com/auth0/JWTDecode.swift",
      "state" : {
        "revision" : "36a5ce735a61c4bc119593f43ce2c027b4ca7392",
        "version" : "3.3.0"
      }
    },
    {
      "identity" : "microsoft-authentication-library-for-objc",
      "kind" : "remoteSourceControl",
      "location" : "https://github.com/AzureAD/microsoft-authentication-library-for-objc",
      "state" : {
        "branch" : "main",
        "revision" : "ef7859641fa22d5fa3209a4810295fc77eaf5174"
      }
    }
  ],
  "version" : 3
}
